
Microsoft Visual Studio Solution File, Format Version 12.00
# Visual Studio 2013
VisualStudioVersion = 12.0.21005.1
MinimumVisualStudioVersion = 10.0.40219.1
Project("{FAE04EC0-301F-11D3-BF4B-00C04F79EFBC}") = "_GZFramework.Demo.Main", "_GZFramework.Demo.Main\_GZFramework.Demo.Main.csproj", "{1FE2D753-7ACC-42FA-890D-A77FD522C75F}"
EndProject
Project("{FAE04EC0-301F-11D3-BF4B-00C04F79EFBC}") = "_GZFramework.Demo.Business", "_GZFramework.Demo.Business\_GZFramework.Demo.Business.csproj", "{7D5CC055-B572-4898-BBA8-8DD40C8E9BC6}"
EndProject
Project("{FAE04EC0-301F-11D3-BF4B-00C04F79EFBC}") = "_GZFramework.Demo.SystemManagement", "_GZFramework.Demo.Commo.SystemManagement\_GZFramework.Demo.SystemManagement.csproj", "{9D67E221-D1F6-40AA-B3D8-1196A714F682}"
EndProject
Project("{FAE04EC0-301F-11D3-BF4B-00C04F79EFBC}") = "_GZFramework.Demo.Common", "_GZFramework.Demo.Common\_GZFramework.Demo.Common.csproj", "{3FE77EBD-7182-4CF4-8B2C-811AF8244B5B}"
EndProject
Project("{FAE04EC0-301F-11D3-BF4B-00C04F79EFBC}") = "_GZFramework.Demo.Library", "_GZFramework.Demo.Library\_GZFramework.Demo.Library.csproj", "{0855AAF3-1BC6-4F10-B1F4-88178DA91B72}"
EndProject
Project("{FAE04EC0-301F-11D3-BF4B-00C04F79EFBC}") = "_GZFramework.Demo.Models", "_GZFramework.Demo.Models\_GZFramework.Demo.Models.csproj", "{32E5F6A4-4D24-40E8-B62E-9BE380DB37EF}"
EndProject
Project("{2150E333-8FDC-42A3-9474-1A3956D46DE8}") = "数据库脚本", "数据库脚本", "{55A90302-EC61-46FA-965B-B1CFBE3A3F01}"
	ProjectSection(SolutionItems) = preProject
		数据库脚本\Chapter-02新建单表(用户表).sql = 数据库脚本\Chapter-02新建单表(用户表).sql
		数据库脚本\Chapter-03新建商品入库表(主从表).sql = 数据库脚本\Chapter-03新建商品入库表(主从表).sql
		数据库脚本\创建数据库.sql = 数据库脚本\创建数据库.sql
	EndProjectSection
EndProject
Project("{2150E333-8FDC-42A3-9474-1A3956D46DE8}") = "Debug.Images", "Debug.Images", "{902DC86B-CB8F-4271-919A-4541189BEE11}"
	ProjectSection(SolutionItems) = preProject
		Debug\images\datanav_First_16x16.png = Debug\images\datanav_First_16x16.png
		Debug\images\datanav_Last_16x16.png = Debug\images\datanav_Last_16x16.png
		Debug\images\datanav_Next_16x16.png = Debug\images\datanav_Next_16x16.png
		Debug\images\datanav_Previous_16x16.png = Debug\images\datanav_Previous_16x16.png
		Debug\images\Function_Account_16x16.png = Debug\images\Function_Account_16x16.png
		Debug\images\Function_Account_64x64.png = Debug\images\Function_Account_64x64.png
		Debug\images\Function_AppFlow_16x16.png = Debug\images\Function_AppFlow_16x16.png
		Debug\images\Function_AppFlow_64x64.png = Debug\images\Function_AppFlow_64x64.png
		Debug\images\Function_BaseData_16x16.png = Debug\images\Function_BaseData_16x16.png
		Debug\images\Function_BaseData_64x64.png = Debug\images\Function_BaseData_64x64.png
		Debug\images\Function_Role_16x16.png = Debug\images\Function_Role_16x16.png
		Debug\images\Function_Role_64x64.png = Debug\images\Function_Role_64x64.png
		Debug\images\Module_Dictionary_16x16.png = Debug\images\Module_Dictionary_16x16.png
		Debug\images\Module_System_16x16.png = Debug\images\Module_System_16x16.png
		Debug\images\ribbonitem__Add_32x32.png = Debug\images\ribbonitem__Add_32x32.png
		Debug\images\ribbonitem_Add_32x32.png = Debug\images\ribbonitem_Add_32x32.png
		Debug\images\ribbonitem_Approval_32x32.png = Debug\images\ribbonitem_Approval_32x32.png
		Debug\images\ribbonitem_Delete_32x32.png = Debug\images\ribbonitem_Delete_32x32.png
		Debug\images\ribbonitem_Edit_32x32.png = Debug\images\ribbonitem_Edit_32x32.png
		Debug\images\ribbonitem_Export_32x32.png = Debug\images\ribbonitem_Export_32x32.png
		Debug\images\ribbonitem_Preview_32x32.png = Debug\images\ribbonitem_Preview_32x32.png
		Debug\images\ribbonitem_Refresh_32x32.png = Debug\images\ribbonitem_Refresh_32x32.png
		Debug\images\ribbonitem_Return_32x32.png = Debug\images\ribbonitem_Return_32x32.png
		Debug\images\ribbonitem_Save_32x32.png = Debug\images\ribbonitem_Save_32x32.png
		Debug\images\ribbonitem_SaveAndClose_32x32.png = Debug\images\ribbonitem_SaveAndClose_32x32.png
		Debug\images\ribbonitem_View_32x32.png = Debug\images\ribbonitem_View_32x32.png
	EndProjectSection
EndProject
Project("{2150E333-8FDC-42A3-9474-1A3956D46DE8}") = "Read", "Read", "{DF23FA79-88C7-4DCC-B759-9054A8AAE892}"
	ProjectSection(SolutionItems) = preProject
		README.md = README.md
	EndProjectSection
EndProject
Global
	GlobalSection(SolutionConfigurationPlatforms) = preSolution
		Debug|Any CPU = Debug|Any CPU
		Release|Any CPU = Release|Any CPU
	EndGlobalSection
	GlobalSection(ProjectConfigurationPlatforms) = postSolution
		{1FE2D753-7ACC-42FA-890D-A77FD522C75F}.Debug|Any CPU.ActiveCfg = Debug|Any CPU
		{1FE2D753-7ACC-42FA-890D-A77FD522C75F}.Debug|Any CPU.Build.0 = Debug|Any CPU
		{1FE2D753-7ACC-42FA-890D-A77FD522C75F}.Release|Any CPU.ActiveCfg = Release|Any CPU
		{1FE2D753-7ACC-42FA-890D-A77FD522C75F}.Release|Any CPU.Build.0 = Release|Any CPU
		{7D5CC055-B572-4898-BBA8-8DD40C8E9BC6}.Debug|Any CPU.ActiveCfg = Debug|Any CPU
		{7D5CC055-B572-4898-BBA8-8DD40C8E9BC6}.Debug|Any CPU.Build.0 = Debug|Any CPU
		{7D5CC055-B572-4898-BBA8-8DD40C8E9BC6}.Release|Any CPU.ActiveCfg = Release|Any CPU
		{7D5CC055-B572-4898-BBA8-8DD40C8E9BC6}.Release|Any CPU.Build.0 = Release|Any CPU
		{9D67E221-D1F6-40AA-B3D8-1196A714F682}.Debug|Any CPU.ActiveCfg = Debug|Any CPU
		{9D67E221-D1F6-40AA-B3D8-1196A714F682}.Debug|Any CPU.Build.0 = Debug|Any CPU
		{9D67E221-D1F6-40AA-B3D8-1196A714F682}.Release|Any CPU.ActiveCfg = Release|Any CPU
		{9D67E221-D1F6-40AA-B3D8-1196A714F682}.Release|Any CPU.Build.0 = Release|Any CPU
		{3FE77EBD-7182-4CF4-8B2C-811AF8244B5B}.Debug|Any CPU.ActiveCfg = Debug|Any CPU
		{3FE77EBD-7182-4CF4-8B2C-811AF8244B5B}.Debug|Any CPU.Build.0 = Debug|Any CPU
		{3FE77EBD-7182-4CF4-8B2C-811AF8244B5B}.Release|Any CPU.ActiveCfg = Release|Any CPU
		{3FE77EBD-7182-4CF4-8B2C-811AF8244B5B}.Release|Any CPU.Build.0 = Release|Any CPU
		{0855AAF3-1BC6-4F10-B1F4-88178DA91B72}.Debug|Any CPU.ActiveCfg = Debug|Any CPU
		{0855AAF3-1BC6-4F10-B1F4-88178DA91B72}.Debug|Any CPU.Build.0 = Debug|Any CPU
		{0855AAF3-1BC6-4F10-B1F4-88178DA91B72}.Release|Any CPU.ActiveCfg = Release|Any CPU
		{0855AAF3-1BC6-4F10-B1F4-88178DA91B72}.Release|Any CPU.Build.0 = Release|Any CPU
		{32E5F6A4-4D24-40E8-B62E-9BE380DB37EF}.Debug|Any CPU.ActiveCfg = Debug|Any CPU
		{32E5F6A4-4D24-40E8-B62E-9BE380DB37EF}.Debug|Any CPU.Build.0 = Debug|Any CPU
		{32E5F6A4-4D24-40E8-B62E-9BE380DB37EF}.Release|Any CPU.ActiveCfg = Release|Any CPU
		{32E5F6A4-4D24-40E8-B62E-9BE380DB37EF}.Release|Any CPU.Build.0 = Release|Any CPU
	EndGlobalSection
	GlobalSection(SolutionProperties) = preSolution
		HideSolutionNode = FALSE
	EndGlobalSection
	GlobalSection(ExtensibilityGlobals) = postSolution
		VisualSVNWorkingCopyRoot = .
	EndGlobalSection
EndGlobal
